// !$*UTF8*$!
{
	archiveVersion = 1;
	classes = {
	};
	objectVersion = 55;
	objects = {

/* Begin PBXBuildFile section */
		525B382128999D2D0015D0CB /* ModalView.swift in Sources */ = {isa = PBXBuildFile; fileRef = 525B382028999D2D0015D0CB /* ModalView.swift */; };
		525B382328999DB50015D0CB /* SignInView.swift in Sources */ = {isa = PBXBuildFile; fileRef = 525B382228999DB50015D0CB /* SignInView.swift */; };
		525E2F7A28998AB900D42C97 /* InputStyle.swift in Sources */ = {isa = PBXBuildFile; fileRef = 525E2F7928998AB900D42C97 /* InputStyle.swift */; };
		528A8291288840F800315AD3 /* DesignCodeiOS15App.swift in Sources */ = {isa = PBXBuildFile; fileRef = 528A8290288840F800315AD3 /* DesignCodeiOS15App.swift */; };
		528A8293288840F800315AD3 /* ContentView.swift in Sources */ = {isa = PBXBuildFile; fileRef = 528A8292288840F800315AD3 /* ContentView.swift */; };
		528A8295288840FA00315AD3 /* Assets.xcassets in Resources */ = {isa = PBXBuildFile; fileRef = 528A8294288840FA00315AD3 /* Assets.xcassets */; };
		528A8298288840FA00315AD3 /* Preview Assets.xcassets in Resources */ = {isa = PBXBuildFile; fileRef = 528A8297288840FA00315AD3 /* Preview Assets.xcassets */; };
		528A829F2888647D00315AD3 /* Styles.swift in Sources */ = {isa = PBXBuildFile; fileRef = 528A829E2888647D00315AD3 /* Styles.swift */; };
		528A82A128886C1400315AD3 /* AccountView.swift in Sources */ = {isa = PBXBuildFile; fileRef = 528A82A028886C1400315AD3 /* AccountView.swift */; };
		528A82AE28899F8B00315AD3 /* HexagonView.swift in Sources */ = {isa = PBXBuildFile; fileRef = 528A82AD28899F8B00315AD3 /* HexagonView.swift */; };
		528A82B02889BFF000315AD3 /* BlobView.swift in Sources */ = {isa = PBXBuildFile; fileRef = 528A82AF2889BFF000315AD3 /* BlobView.swift */; };
		528A82B22889D19000315AD3 /* TabBar.swift in Sources */ = {isa = PBXBuildFile; fileRef = 528A82B12889D19000315AD3 /* TabBar.swift */; };
		528A82BB288B079300315AD3 /* Tab.swift in Sources */ = {isa = PBXBuildFile; fileRef = 528A82BA288B079300315AD3 /* Tab.swift */; };
		528A82BD288BF44800315AD3 /* HomeView.swift in Sources */ = {isa = PBXBuildFile; fileRef = 528A82BC288BF44800315AD3 /* HomeView.swift */; };
		528A82C4288BFBB700315AD3 /* FeaturedItem.swift in Sources */ = {isa = PBXBuildFile; fileRef = 528A82C3288BFBB700315AD3 /* FeaturedItem.swift */; };
		528A82C6288BFD1B00315AD3 /* NavigationBar.swift in Sources */ = {isa = PBXBuildFile; fileRef = 528A82C5288BFD1B00315AD3 /* NavigationBar.swift */; };
		528A82C8288C228300315AD3 /* PreferenceKeys.swift in Sources */ = {isa = PBXBuildFile; fileRef = 528A82C7288C228300315AD3 /* PreferenceKeys.swift */; };
		528A82DB288EF82B00315AD3 /* AnimatableFontModifier.swift in Sources */ = {isa = PBXBuildFile; fileRef = 528A82DA288EF82A00315AD3 /* AnimatableFontModifier.swift */; };
		528A82DD288EFAA400315AD3 /* Course.swift in Sources */ = {isa = PBXBuildFile; fileRef = 528A82DC288EFAA400315AD3 /* Course.swift */; };
		5295CE76289BD4EA004A6FC6 /* AvatarView.swift in Sources */ = {isa = PBXBuildFile; fileRef = 5295CE75289BD4EA004A6FC6 /* AvatarView.swift */; };
		5295CE78289BDEF9004A6FC6 /* Address.swift in Sources */ = {isa = PBXBuildFile; fileRef = 5295CE77289BDEF9004A6FC6 /* Address.swift */; };
		5295CE7A289BEFC1004A6FC6 /* CircularView.swift in Sources */ = {isa = PBXBuildFile; fileRef = 5295CE79289BEFC1004A6FC6 /* CircularView.swift */; };
		5295CE7C289BF324004A6FC6 /* CourseSection.swift in Sources */ = {isa = PBXBuildFile; fileRef = 5295CE7B289BF324004A6FC6 /* CourseSection.swift */; };
		5295CE7E289BF37E004A6FC6 /* SectionRow.swift in Sources */ = {isa = PBXBuildFile; fileRef = 5295CE7D289BF37E004A6FC6 /* SectionRow.swift */; };
		5295CE80289BFFEA004A6FC6 /* SectionView.swift in Sources */ = {isa = PBXBuildFile; fileRef = 5295CE7F289BFFEA004A6FC6 /* SectionView.swift */; };
		5295CE82289C0C37004A6FC6 /* PlayView.swift in Sources */ = {isa = PBXBuildFile; fileRef = 5295CE81289C0C37004A6FC6 /* PlayView.swift */; };
		5295CE84289C0F7D004A6FC6 /* ExploreView.swift in Sources */ = {isa = PBXBuildFile; fileRef = 5295CE83289C0F7D004A6FC6 /* ExploreView.swift */; };
		5295CE86289C101F004A6FC6 /* SmallCourseItem.swift in Sources */ = {isa = PBXBuildFile; fileRef = 5295CE85289C101F004A6FC6 /* SmallCourseItem.swift */; };
		5295CE88289C1894004A6FC6 /* Handbook.swift in Sources */ = {isa = PBXBuildFile; fileRef = 5295CE87289C1894004A6FC6 /* Handbook.swift */; };
		5295CE8A289C18C3004A6FC6 /* HandbookItem.swift in Sources */ = {isa = PBXBuildFile; fileRef = 5295CE89289C18C3004A6FC6 /* HandbookItem.swift */; };
		5295CE8C289C1CF9004A6FC6 /* Topic.swift in Sources */ = {isa = PBXBuildFile; fileRef = 5295CE8B289C1CF9004A6FC6 /* Topic.swift */; };
		5295CE8E289C1D1C004A6FC6 /* ListRow.swift in Sources */ = {isa = PBXBuildFile; fileRef = 5295CE8D289C1D1C004A6FC6 /* ListRow.swift */; };
		52B2042A289447C20007E942 /* SignUpView.swift in Sources */ = {isa = PBXBuildFile; fileRef = 52B20429289447C20007E942 /* SignUpView.swift */; };
		52B2042C28944D0B0007E942 /* AngularButtonStyle.swift in Sources */ = {isa = PBXBuildFile; fileRef = 52B2042B28944D0B0007E942 /* AngularButtonStyle.swift */; };
		52B21066289306E500E8E033 /* SearchView.swift in Sources */ = {isa = PBXBuildFile; fileRef = 52B21065289306E500E8E033 /* SearchView.swift */; };
		52B2106828930EFF00E8E033 /* Suggestion.swift in Sources */ = {isa = PBXBuildFile; fileRef = 52B2106728930EFF00E8E033 /* Suggestion.swift */; };
		52BD748028906DA300328A6D /* CourseItem.swift in Sources */ = {isa = PBXBuildFile; fileRef = 52BD747F28906DA300328A6D /* CourseItem.swift */; };
		52BD748228906E5200328A6D /* CourseView.swift in Sources */ = {isa = PBXBuildFile; fileRef = 52BD748128906E5200328A6D /* CourseView.swift */; };
		52BD748A28919AC700328A6D /* Animations.swift in Sources */ = {isa = PBXBuildFile; fileRef = 52BD748928919AC700328A6D /* Animations.swift */; };
		52BD748C2891A9E300328A6D /* Model.swift in Sources */ = {isa = PBXBuildFile; fileRef = 52BD748B2891A9E300328A6D /* Model.swift */; };
/* End PBXBuildFile section */

/* Begin PBXFileReference section */
		525B382028999D2D0015D0CB /* ModalView.swift */ = {isa = PBXFileReference; lastKnownFileType = sourcecode.swift; path = ModalView.swift; sourceTree = "<group>"; };
		525B382228999DB50015D0CB /* SignInView.swift */ = {isa = PBXFileReference; lastKnownFileType = sourcecode.swift; path = SignInView.swift; sourceTree = "<group>"; };
		525E2F7928998AB900D42C97 /* InputStyle.swift */ = {isa = PBXFileReference; lastKnownFileType = sourcecode.swift; path = InputStyle.swift; sourceTree = "<group>"; };
		528A828D288840F800315AD3 /* DesignCodeiOS15.app */ = {isa = PBXFileReference; explicitFileType = wrapper.application; includeInIndex = 0; path = DesignCodeiOS15.app; sourceTree = BUILT_PRODUCTS_DIR; };
		528A8290288840F800315AD3 /* DesignCodeiOS15App.swift */ = {isa = PBXFileReference; lastKnownFileType = sourcecode.swift; path = DesignCodeiOS15App.swift; sourceTree = "<group>"; };
		528A8292288840F800315AD3 /* ContentView.swift */ = {isa = PBXFileReference; lastKnownFileType = sourcecode.swift; path = ContentView.swift; sourceTree = "<group>"; };
		528A8294288840FA00315AD3 /* Assets.xcassets */ = {isa = PBXFileReference; lastKnownFileType = folder.assetcatalog; path = Assets.xcassets; sourceTree = "<group>"; };
		528A8297288840FA00315AD3 /* Preview Assets.xcassets */ = {isa = PBXFileReference; lastKnownFileType = folder.assetcatalog; path = "Preview Assets.xcassets"; sourceTree = "<group>"; };
		528A829E2888647D00315AD3 /* Styles.swift */ = {isa = PBXFileReference; lastKnownFileType = sourcecode.swift; path = Styles.swift; sourceTree = "<group>"; };
		528A82A028886C1400315AD3 /* AccountView.swift */ = {isa = PBXFileReference; lastKnownFileType = sourcecode.swift; path = AccountView.swift; sourceTree = "<group>"; };
		528A82AD28899F8B00315AD3 /* HexagonView.swift */ = {isa = PBXFileReference; lastKnownFileType = sourcecode.swift; path = HexagonView.swift; sourceTree = "<group>"; };
		528A82AF2889BFF000315AD3 /* BlobView.swift */ = {isa = PBXFileReference; lastKnownFileType = sourcecode.swift; path = BlobView.swift; sourceTree = "<group>"; };
		528A82B12889D19000315AD3 /* TabBar.swift */ = {isa = PBXFileReference; lastKnownFileType = sourcecode.swift; path = TabBar.swift; sourceTree = "<group>"; };
		528A82BA288B079300315AD3 /* Tab.swift */ = {isa = PBXFileReference; lastKnownFileType = sourcecode.swift; path = Tab.swift; sourceTree = "<group>"; };
		528A82BC288BF44800315AD3 /* HomeView.swift */ = {isa = PBXFileReference; lastKnownFileType = sourcecode.swift; path = HomeView.swift; sourceTree = "<group>"; };
		528A82C3288BFBB700315AD3 /* FeaturedItem.swift */ = {isa = PBXFileReference; lastKnownFileType = sourcecode.swift; path = FeaturedItem.swift; sourceTree = "<group>"; };
		528A82C5288BFD1B00315AD3 /* NavigationBar.swift */ = {isa = PBXFileReference; lastKnownFileType = sourcecode.swift; path = NavigationBar.swift; sourceTree = "<group>"; };
		528A82C7288C228300315AD3 /* PreferenceKeys.swift */ = {isa = PBXFileReference; lastKnownFileType = sourcecode.swift; path = PreferenceKeys.swift; sourceTree = "<group>"; };
		528A82DA288EF82A00315AD3 /* AnimatableFontModifier.swift */ = {isa = PBXFileReference; lastKnownFileType = sourcecode.swift; path = AnimatableFontModifier.swift; sourceTree = "<group>"; };
		528A82DC288EFAA400315AD3 /* Course.swift */ = {isa = PBXFileReference; lastKnownFileType = sourcecode.swift; path = Course.swift; sourceTree = "<group>"; };
		5295CE75289BD4EA004A6FC6 /* AvatarView.swift */ = {isa = PBXFileReference; lastKnownFileType = sourcecode.swift; path = AvatarView.swift; sourceTree = "<group>"; };
		5295CE77289BDEF9004A6FC6 /* Address.swift */ = {isa = PBXFileReference; lastKnownFileType = sourcecode.swift; path = Address.swift; sourceTree = "<group>"; };
		5295CE79289BEFC1004A6FC6 /* CircularView.swift */ = {isa = PBXFileReference; lastKnownFileType = sourcecode.swift; path = CircularView.swift; sourceTree = "<group>"; };
		5295CE7B289BF324004A6FC6 /* CourseSection.swift */ = {isa = PBXFileReference; lastKnownFileType = sourcecode.swift; path = CourseSection.swift; sourceTree = "<group>"; };
		5295CE7D289BF37E004A6FC6 /* SectionRow.swift */ = {isa = PBXFileReference; lastKnownFileType = sourcecode.swift; path = SectionRow.swift; sourceTree = "<group>"; };
		5295CE7F289BFFEA004A6FC6 /* SectionView.swift */ = {isa = PBXFileReference; lastKnownFileType = sourcecode.swift; path = SectionView.swift; sourceTree = "<group>"; };
		5295CE81289C0C37004A6FC6 /* PlayView.swift */ = {isa = PBXFileReference; lastKnownFileType = sourcecode.swift; path = PlayView.swift; sourceTree = "<group>"; };
		5295CE83289C0F7D004A6FC6 /* ExploreView.swift */ = {isa = PBXFileReference; lastKnownFileType = sourcecode.swift; path = ExploreView.swift; sourceTree = "<group>"; };
		5295CE85289C101F004A6FC6 /* SmallCourseItem.swift */ = {isa = PBXFileReference; lastKnownFileType = sourcecode.swift; path = SmallCourseItem.swift; sourceTree = "<group>"; };
		5295CE87289C1894004A6FC6 /* Handbook.swift */ = {isa = PBXFileReference; lastKnownFileType = sourcecode.swift; path = Handbook.swift; sourceTree = "<group>"; };
		5295CE89289C18C3004A6FC6 /* HandbookItem.swift */ = {isa = PBXFileReference; lastKnownFileType = sourcecode.swift; path = HandbookItem.swift; sourceTree = "<group>"; };
		5295CE8B289C1CF9004A6FC6 /* Topic.swift */ = {isa = PBXFileReference; lastKnownFileType = sourcecode.swift; path = Topic.swift; sourceTree = "<group>"; };
		5295CE8D289C1D1C004A6FC6 /* ListRow.swift */ = {isa = PBXFileReference; lastKnownFileType = sourcecode.swift; path = ListRow.swift; sourceTree = "<group>"; };
		52B20429289447C20007E942 /* SignUpView.swift */ = {isa = PBXFileReference; lastKnownFileType = sourcecode.swift; path = SignUpView.swift; sourceTree = "<group>"; };
		52B2042B28944D0B0007E942 /* AngularButtonStyle.swift */ = {isa = PBXFileReference; lastKnownFileType = sourcecode.swift; path = AngularButtonStyle.swift; sourceTree = "<group>"; };
		52B21065289306E500E8E033 /* SearchView.swift */ = {isa = PBXFileReference; lastKnownFileType = sourcecode.swift; path = SearchView.swift; sourceTree = "<group>"; };
		52B2106728930EFF00E8E033 /* Suggestion.swift */ = {isa = PBXFileReference; lastKnownFileType = sourcecode.swift; path = Suggestion.swift; sourceTree = "<group>"; };
		52BD747F28906DA300328A6D /* CourseItem.swift */ = {isa = PBXFileReference; lastKnownFileType = sourcecode.swift; path = CourseItem.swift; sourceTree = "<group>"; };
		52BD748128906E5200328A6D /* CourseView.swift */ = {isa = PBXFileReference; lastKnownFileType = sourcecode.swift; path = CourseView.swift; sourceTree = "<group>"; };
		52BD748928919AC700328A6D /* Animations.swift */ = {isa = PBXFileReference; lastKnownFileType = sourcecode.swift; path = Animations.swift; sourceTree = "<group>"; };
		52BD748B2891A9E300328A6D /* Model.swift */ = {isa = PBXFileReference; lastKnownFileType = sourcecode.swift; path = Model.swift; sourceTree = "<group>"; };
/* End PBXFileReference section */

/* Begin PBXFrameworksBuildPhase section */
		528A828A288840F800315AD3 /* Frameworks */ = {
			isa = PBXFrameworksBuildPhase;
			buildActionMask = 2147483647;
			files = (
			);
			runOnlyForDeploymentPostprocessing = 0;
		};
/* End PBXFrameworksBuildPhase section */

/* Begin PBXGroup section */
		528A8284288840F800315AD3 = {
			isa = PBXGroup;
			children = (
				528A828F288840F800315AD3 /* DesignCodeiOS15 */,
				528A828E288840F800315AD3 /* Products */,
			);
			sourceTree = "<group>";
		};
		528A828E288840F800315AD3 /* Products */ = {
			isa = PBXGroup;
			children = (
				528A828D288840F800315AD3 /* DesignCodeiOS15.app */,
			);
			name = Products;
			sourceTree = "<group>";
		};
		528A828F288840F800315AD3 /* DesignCodeiOS15 */ = {
			isa = PBXGroup;
			children = (
				528A8290288840F800315AD3 /* DesignCodeiOS15App.swift */,
				528A82BE288BF58A00315AD3 /* Navigation */,
				528A82BF288BF59E00315AD3 /* Views */,
				528A82C0288BF6DA00315AD3 /* Components */,
				528A82C1288BF6F700315AD3 /* Model */,
				528A82C2288BF71800315AD3 /* Styles */,
				528A8294288840FA00315AD3 /* Assets.xcassets */,
				528A8296288840FA00315AD3 /* Preview Content */,
			);
			path = DesignCodeiOS15;
			sourceTree = "<group>";
		};
		528A8296288840FA00315AD3 /* Preview Content */ = {
			isa = PBXGroup;
			children = (
				528A8297288840FA00315AD3 /* Preview Assets.xcassets */,
			);
			path = "Preview Content";
			sourceTree = "<group>";
		};
		528A82BE288BF58A00315AD3 /* Navigation */ = {
			isa = PBXGroup;
			children = (
				528A8292288840F800315AD3 /* ContentView.swift */,
				528A82B12889D19000315AD3 /* TabBar.swift */,
				528A82C5288BFD1B00315AD3 /* NavigationBar.swift */,
			);
			path = Navigation;
			sourceTree = "<group>";
		};
		528A82BF288BF59E00315AD3 /* Views */ = {
			isa = PBXGroup;
			children = (
				5295CE8F289C1E54004A6FC6 /* Main */,
				5295CE91289C1E82004A6FC6 /* Detail */,
				5295CE90289C1E6A004A6FC6 /* Sheets */,
				5295CE74289BC9C6004A6FC6 /* Modals */,
			);
			path = Views;
			sourceTree = "<group>";
		};
		528A82C0288BF6DA00315AD3 /* Components */ = {
			isa = PBXGroup;
			children = (
				5295CE92289C1EA8004A6FC6 /* Items */,
				5295CE93289C1EC2004A6FC6 /* Buttons */,
				5295CE94289C1ED7004A6FC6 /* Graphics */,
			);
			path = Components;
			sourceTree = "<group>";
		};
		528A82C1288BF6F700315AD3 /* Model */ = {
			isa = PBXGroup;
			children = (
				528A82BA288B079300315AD3 /* Tab.swift */,
				528A82C7288C228300315AD3 /* PreferenceKeys.swift */,
				528A82DC288EFAA400315AD3 /* Course.swift */,
				52BD748B2891A9E300328A6D /* Model.swift */,
				52B2106728930EFF00E8E033 /* Suggestion.swift */,
				5295CE7B289BF324004A6FC6 /* CourseSection.swift */,
				5295CE87289C1894004A6FC6 /* Handbook.swift */,
				5295CE8B289C1CF9004A6FC6 /* Topic.swift */,
			);
			path = Model;
			sourceTree = "<group>";
		};
		528A82C2288BF71800315AD3 /* Styles */ = {
			isa = PBXGroup;
			children = (
				528A829E2888647D00315AD3 /* Styles.swift */,
				528A82DA288EF82A00315AD3 /* AnimatableFontModifier.swift */,
				52BD748928919AC700328A6D /* Animations.swift */,
				52B2042B28944D0B0007E942 /* AngularButtonStyle.swift */,
				525E2F7928998AB900D42C97 /* InputStyle.swift */,
				5295CE77289BDEF9004A6FC6 /* Address.swift */,
			);
			path = Styles;
			sourceTree = "<group>";
		};
		5295CE74289BC9C6004A6FC6 /* Modals */ = {
			isa = PBXGroup;
			children = (
				52B20429289447C20007E942 /* SignUpView.swift */,
				525B382228999DB50015D0CB /* SignInView.swift */,
				525B382028999D2D0015D0CB /* ModalView.swift */,
			);
			path = Modals;
			sourceTree = "<group>";
		};
		5295CE8F289C1E54004A6FC6 /* Main */ = {
			isa = PBXGroup;
			children = (
				528A82BC288BF44800315AD3 /* HomeView.swift */,
				5295CE83289C0F7D004A6FC6 /* ExploreView.swift */,
			);
			path = Main;
			sourceTree = "<group>";
		};
		5295CE90289C1E6A004A6FC6 /* Sheets */ = {
			isa = PBXGroup;
			children = (
				528A82A028886C1400315AD3 /* AccountView.swift */,
				52B21065289306E500E8E033 /* SearchView.swift */,
			);
			path = Sheets;
			sourceTree = "<group>";
		};
		5295CE91289C1E82004A6FC6 /* Detail */ = {
			isa = PBXGroup;
			children = (
				52BD748128906E5200328A6D /* CourseView.swift */,
				5295CE7F289BFFEA004A6FC6 /* SectionView.swift */,
			);
			path = Detail;
			sourceTree = "<group>";
		};
		5295CE92289C1EA8004A6FC6 /* Items */ = {
			isa = PBXGroup;
			children = (
				528A82C3288BFBB700315AD3 /* FeaturedItem.swift */,
				52BD747F28906DA300328A6D /* CourseItem.swift */,
				5295CE7D289BF37E004A6FC6 /* SectionRow.swift */,
				5295CE85289C101F004A6FC6 /* SmallCourseItem.swift */,
				5295CE89289C18C3004A6FC6 /* HandbookItem.swift */,
				5295CE8D289C1D1C004A6FC6 /* ListRow.swift */,
			);
			path = Items;
			sourceTree = "<group>";
		};
		5295CE93289C1EC2004A6FC6 /* Buttons */ = {
			isa = PBXGroup;
			children = (
				5295CE75289BD4EA004A6FC6 /* AvatarView.swift */,
				5295CE81289C0C37004A6FC6 /* PlayView.swift */,
			);
			path = Buttons;
			sourceTree = "<group>";
		};
		5295CE94289C1ED7004A6FC6 /* Graphics */ = {
			isa = PBXGroup;
			children = (
				528A82AD28899F8B00315AD3 /* HexagonView.swift */,
				528A82AF2889BFF000315AD3 /* BlobView.swift */,
				5295CE79289BEFC1004A6FC6 /* CircularView.swift */,
			);
			path = Graphics;
			sourceTree = "<group>";
		};
/* End PBXGroup section */

/* Begin PBXNativeTarget section */
		528A828C288840F800315AD3 /* DesignCodeiOS15 */ = {
			isa = PBXNativeTarget;
			buildConfigurationList = 528A829B288840FA00315AD3 /* Build configuration list for PBXNativeTarget "DesignCodeiOS15" */;
			buildPhases = (
				528A8289288840F800315AD3 /* Sources */,
				528A828A288840F800315AD3 /* Frameworks */,
				528A828B288840F800315AD3 /* Resources */,
			);
			buildRules = (
			);
			dependencies = (
			);
			name = DesignCodeiOS15;
			productName = DesignCodeiOS15;
			productReference = 528A828D288840F800315AD3 /* DesignCodeiOS15.app */;
			productType = "com.apple.product-type.application";
		};
/* End PBXNativeTarget section */

/* Begin PBXProject section */
		528A8285288840F800315AD3 /* Project object */ = {
			isa = PBXProject;
			attributes = {
				BuildIndependentTargetsInParallel = 1;
				LastSwiftUpdateCheck = 1340;
				LastUpgradeCheck = 1340;
				TargetAttributes = {
					528A828C288840F800315AD3 = {
						CreatedOnToolsVersion = 13.4.1;
					};
				};
			};
			buildConfigurationList = 528A8288288840F800315AD3 /* Build configuration list for PBXProject "DesignCodeiOS15" */;
			compatibilityVersion = "Xcode 13.0";
			developmentRegion = en;
			hasScannedForEncodings = 0;
			knownRegions = (
				en,
				Base,
			);
			mainGroup = 528A8284288840F800315AD3;
			productRefGroup = 528A828E288840F800315AD3 /* Products */;
			projectDirPath = "";
			projectRoot = "";
			targets = (
				528A828C288840F800315AD3 /* DesignCodeiOS15 */,
			);
		};
/* End PBXProject section */

/* Begin PBXResourcesBuildPhase section */
		528A828B288840F800315AD3 /* Resources */ = {
			isa = PBXResourcesBuildPhase;
			buildActionMask = 2147483647;
			files = (
				528A8298288840FA00315AD3 /* Preview Assets.xcassets in Resources */,
				528A8295288840FA00315AD3 /* Assets.xcassets in Resources */,
			);
			runOnlyForDeploymentPostprocessing = 0;
		};
/* End PBXResourcesBuildPhase section */

/* Begin PBXSourcesBuildPhase section */
		528A8289288840F800315AD3 /* Sources */ = {
			isa = PBXSourcesBuildPhase;
			buildActionMask = 2147483647;
			files = (
				52B21066289306E500E8E033 /* SearchView.swift in Sources */,
				528A82BD288BF44800315AD3 /* HomeView.swift in Sources */,
				528A82A128886C1400315AD3 /* AccountView.swift in Sources */,
				5295CE8C289C1CF9004A6FC6 /* Topic.swift in Sources */,
				52BD748228906E5200328A6D /* CourseView.swift in Sources */,
				5295CE7C289BF324004A6FC6 /* CourseSection.swift in Sources */,
				528A82AE28899F8B00315AD3 /* HexagonView.swift in Sources */,
				52B2106828930EFF00E8E033 /* Suggestion.swift in Sources */,
				5295CE78289BDEF9004A6FC6 /* Address.swift in Sources */,
				528A829F2888647D00315AD3 /* Styles.swift in Sources */,
				5295CE76289BD4EA004A6FC6 /* AvatarView.swift in Sources */,
				5295CE7A289BEFC1004A6FC6 /* CircularView.swift in Sources */,
				5295CE84289C0F7D004A6FC6 /* ExploreView.swift in Sources */,
				528A82BB288B079300315AD3 /* Tab.swift in Sources */,
				528A82C6288BFD1B00315AD3 /* NavigationBar.swift in Sources */,
				52B2042C28944D0B0007E942 /* AngularButtonStyle.swift in Sources */,
				528A82B02889BFF000315AD3 /* BlobView.swift in Sources */,
				525B382328999DB50015D0CB /* SignInView.swift in Sources */,
				528A8293288840F800315AD3 /* ContentView.swift in Sources */,
				528A82DD288EFAA400315AD3 /* Course.swift in Sources */,
				528A8291288840F800315AD3 /* DesignCodeiOS15App.swift in Sources */,
				52BD748028906DA300328A6D /* CourseItem.swift in Sources */,
				5295CE82289C0C37004A6FC6 /* PlayView.swift in Sources */,
				528A82C4288BFBB700315AD3 /* FeaturedItem.swift in Sources */,
				5295CE7E289BF37E004A6FC6 /* SectionRow.swift in Sources */,
				5295CE8E289C1D1C004A6FC6 /* ListRow.swift in Sources */,
				52B2042A289447C20007E942 /* SignUpView.swift in Sources */,
				52BD748A28919AC700328A6D /* Animations.swift in Sources */,
				528A82C8288C228300315AD3 /* PreferenceKeys.swift in Sources */,
				5295CE8A289C18C3004A6FC6 /* HandbookItem.swift in Sources */,
				525E2F7A28998AB900D42C97 /* InputStyle.swift in Sources */,
				52BD748C2891A9E300328A6D /* Model.swift in Sources */,
				5295CE80289BFFEA004A6FC6 /* SectionView.swift in Sources */,
				5295CE86289C101F004A6FC6 /* SmallCourseItem.swift in Sources */,
				528A82B22889D19000315AD3 /* TabBar.swift in Sources */,
				528A82DB288EF82B00315AD3 /* AnimatableFontModifier.swift in Sources */,
				525B382128999D2D0015D0CB /* ModalView.swift in Sources */,
				5295CE88289C1894004A6FC6 /* Handbook.swift in Sources */,
			);
			runOnlyForDeploymentPostprocessing = 0;
		};
/* End PBXSourcesBuildPhase section */

/* Begin XCBuildConfiguration section */
		528A8299288840FA00315AD3 /* Debug */ = {
			isa = XCBuildConfiguration;
			buildSettings = {
				ALWAYS_SEARCH_USER_PATHS = NO;
				CLANG_ANALYZER_NONNULL = YES;
				CLANG_ANALYZER_NUMBER_OBJECT_CONVERSION = YES_AGGRESSIVE;
				CLANG_CXX_LANGUAGE_STANDARD = "gnu++17";
				CLANG_ENABLE_MODULES = YES;
				CLANG_ENABLE_OBJC_ARC = YES;
				CLANG_ENABLE_OBJC_WEAK = YES;
				CLANG_WARN_BLOCK_CAPTURE_AUTORELEASING = YES;
				CLANG_WARN_BOOL_CONVERSION = YES;
				CLANG_WARN_COMMA = YES;
				CLANG_WARN_CONSTANT_CONVERSION = YES;
				CLANG_WARN_DEPRECATED_OBJC_IMPLEMENTATIONS = YES;
				CLANG_WARN_DIRECT_OBJC_ISA_USAGE = YES_ERROR;
				CLANG_WARN_DOCUMENTATION_COMMENTS = YES;
				CLANG_WARN_EMPTY_BODY = YES;
				CLANG_WARN_ENUM_CONVERSION = YES;
				CLANG_WARN_INFINITE_RECURSION = YES;
				CLANG_WARN_INT_CONVERSION = YES;
				CLANG_WARN_NON_LITERAL_NULL_CONVERSION = YES;
				CLANG_WARN_OBJC_IMPLICIT_RETAIN_SELF = YES;
				CLANG_WARN_OBJC_LITERAL_CONVERSION = YES;
				CLANG_WARN_OBJC_ROOT_CLASS = YES_ERROR;
				CLANG_WARN_QUOTED_INCLUDE_IN_FRAMEWORK_HEADER = YES;
				CLANG_WARN_RANGE_LOOP_ANALYSIS = YES;
				CLANG_WARN_STRICT_PROTOTYPES = YES;
				CLANG_WARN_SUSPICIOUS_MOVE = YES;
				CLANG_WARN_UNGUARDED_AVAILABILITY = YES_AGGRESSIVE;
				CLANG_WARN_UNREACHABLE_CODE = YES;
				CLANG_WARN__DUPLICATE_METHOD_MATCH = YES;
				COPY_PHASE_STRIP = NO;
				DEBUG_INFORMATION_FORMAT = dwarf;
				ENABLE_STRICT_OBJC_MSGSEND = YES;
				ENABLE_TESTABILITY = YES;
				GCC_C_LANGUAGE_STANDARD = gnu11;
				GCC_DYNAMIC_NO_PIC = NO;
				GCC_NO_COMMON_BLOCKS = YES;
				GCC_OPTIMIZATION_LEVEL = 0;
				GCC_PREPROCESSOR_DEFINITIONS = (
					"DEBUG=1",
					"$(inherited)",
				);
				GCC_WARN_64_TO_32_BIT_CONVERSION = YES;
				GCC_WARN_ABOUT_RETURN_TYPE = YES_ERROR;
				GCC_WARN_UNDECLARED_SELECTOR = YES;
				GCC_WARN_UNINITIALIZED_AUTOS = YES_AGGRESSIVE;
				GCC_WARN_UNUSED_FUNCTION = YES;
				GCC_WARN_UNUSED_VARIABLE = YES;
				IPHONEOS_DEPLOYMENT_TARGET = 15.5;
				MTL_ENABLE_DEBUG_INFO = INCLUDE_SOURCE;
				MTL_FAST_MATH = YES;
				ONLY_ACTIVE_ARCH = YES;
				SDKROOT = iphoneos;
				SWIFT_ACTIVE_COMPILATION_CONDITIONS = DEBUG;
				SWIFT_OPTIMIZATION_LEVEL = "-Onone";
			};
			name = Debug;
		};
		528A829A288840FA00315AD3 /* Release */ = {
			isa = XCBuildConfiguration;
			buildSettings = {
				ALWAYS_SEARCH_USER_PATHS = NO;
				CLANG_ANALYZER_NONNULL = YES;
				CLANG_ANALYZER_NUMBER_OBJECT_CONVERSION = YES_AGGRESSIVE;
				CLANG_CXX_LANGUAGE_STANDARD = "gnu++17";
				CLANG_ENABLE_MODULES = YES;
				CLANG_ENABLE_OBJC_ARC = YES;
				CLANG_ENABLE_OBJC_WEAK = YES;
				CLANG_WARN_BLOCK_CAPTURE_AUTORELEASING = YES;
				CLANG_WARN_BOOL_CONVERSION = YES;
				CLANG_WARN_COMMA = YES;
				CLANG_WARN_CONSTANT_CONVERSION = YES;
				CLANG_WARN_DEPRECATED_OBJC_IMPLEMENTATIONS = YES;
				CLANG_WARN_DIRECT_OBJC_ISA_USAGE = YES_ERROR;
				CLANG_WARN_DOCUMENTATION_COMMENTS = YES;
				CLANG_WARN_EMPTY_BODY = YES;
				CLANG_WARN_ENUM_CONVERSION = YES;
				CLANG_WARN_INFINITE_RECURSION = YES;
				CLANG_WARN_INT_CONVERSION = YES;
				CLANG_WARN_NON_LITERAL_NULL_CONVERSION = YES;
				CLANG_WARN_OBJC_IMPLICIT_RETAIN_SELF = YES;
				CLANG_WARN_OBJC_LITERAL_CONVERSION = YES;
				CLANG_WARN_OBJC_ROOT_CLASS = YES_ERROR;
				CLANG_WARN_QUOTED_INCLUDE_IN_FRAMEWORK_HEADER = YES;
				CLANG_WARN_RANGE_LOOP_ANALYSIS = YES;
				CLANG_WARN_STRICT_PROTOTYPES = YES;
				CLANG_WARN_SUSPICIOUS_MOVE = YES;
				CLANG_WARN_UNGUARDED_AVAILABILITY = YES_AGGRESSIVE;
				CLANG_WARN_UNREACHABLE_CODE = YES;
				CLANG_WARN__DUPLICATE_METHOD_MATCH = YES;
				COPY_PHASE_STRIP = NO;
				DEBUG_INFORMATION_FORMAT = "dwarf-with-dsym";
				ENABLE_NS_ASSERTIONS = NO;
				ENABLE_STRICT_OBJC_MSGSEND = YES;
				GCC_C_LANGUAGE_STANDARD = gnu11;
				GCC_NO_COMMON_BLOCKS = YES;
				GCC_WARN_64_TO_32_BIT_CONVERSION = YES;
				GCC_WARN_ABOUT_RETURN_TYPE = YES_ERROR;
				GCC_WARN_UNDECLARED_SELECTOR = YES;
				GCC_WARN_UNINITIALIZED_AUTOS = YES_AGGRESSIVE;
				GCC_WARN_UNUSED_FUNCTION = YES;
				GCC_WARN_UNUSED_VARIABLE = YES;
				IPHONEOS_DEPLOYMENT_TARGET = 15.5;
				MTL_ENABLE_DEBUG_INFO = NO;
				MTL_FAST_MATH = YES;
				SDKROOT = iphoneos;
				SWIFT_COMPILATION_MODE = wholemodule;
				SWIFT_OPTIMIZATION_LEVEL = "-O";
				VALIDATE_PRODUCT = YES;
			};
			name = Release;
		};
		528A829C288840FA00315AD3 /* Debug */ = {
			isa = XCBuildConfiguration;
			buildSettings = {
				ASSETCATALOG_COMPILER_APPICON_NAME = AppIcon;
				ASSETCATALOG_COMPILER_GLOBAL_ACCENT_COLOR_NAME = AccentColor;
				CODE_SIGN_STYLE = Automatic;
				CURRENT_PROJECT_VERSION = 1;
				DEVELOPMENT_ASSET_PATHS = "\"DesignCodeiOS15/Preview Content\"";
				DEVELOPMENT_TEAM = 3PTYV272Z4;
				ENABLE_PREVIEWS = YES;
				GENERATE_INFOPLIST_FILE = YES;
				INFOPLIST_KEY_UIApplicationSceneManifest_Generation = YES;
				INFOPLIST_KEY_UIApplicationSupportsIndirectInputEvents = YES;
				INFOPLIST_KEY_UILaunchScreen_Generation = YES;
				INFOPLIST_KEY_UISupportedInterfaceOrientations_iPad = "UIInterfaceOrientationPortrait UIInterfaceOrientationPortraitUpsideDown UIInterfaceOrientationLandscapeLeft UIInterfaceOrientationLandscapeRight";
				INFOPLIST_KEY_UISupportedInterfaceOrientations_iPhone = "UIInterfaceOrientationPortrait UIInterfaceOrientationLandscapeLeft UIInterfaceOrientationLandscapeRight";
				LD_RUNPATH_SEARCH_PATHS = (
					"$(inherited)",
					"@executable_path/Frameworks",
				);
				MARKETING_VERSION = 1.0;
				PRODUCT_BUNDLE_IDENTIFIER = com.kr.ssh.DesignCodeiOS15;
				PRODUCT_NAME = "$(TARGET_NAME)";
				SWIFT_EMIT_LOC_STRINGS = YES;
				SWIFT_VERSION = 5.0;
				TARGETED_DEVICE_FAMILY = "1,2";
			};
			name = Debug;
		};
		528A829D288840FA00315AD3 /* Release */ = {
			isa = XCBuildConfiguration;
			buildSettings = {
				ASSETCATALOG_COMPILER_APPICON_NAME = AppIcon;
				ASSETCATALOG_COMPILER_GLOBAL_ACCENT_COLOR_NAME = AccentColor;
				CODE_SIGN_STYLE = Automatic;
				CURRENT_PROJECT_VERSION = 1;
				DEVELOPMENT_ASSET_PATHS = "\"DesignCodeiOS15/Preview Content\"";
				DEVELOPMENT_TEAM = 3PTYV272Z4;
				ENABLE_PREVIEWS = YES;
				GENERATE_INFOPLIST_FILE = YES;
				INFOPLIST_KEY_UIApplicationSceneManifest_Generation = YES;
				INFOPLIST_KEY_UIApplicationSupportsIndirectInputEvents = YES;
				INFOPLIST_KEY_UILaunchScreen_Generation = YES;
				INFOPLIST_KEY_UISupportedInterfaceOrientations_iPad = "UIInterfaceOrientationPortrait UIInterfaceOrientationPortraitUpsideDown UIInterfaceOrientationLandscapeLeft UIInterfaceOrientationLandscapeRight";
				INFOPLIST_KEY_UISupportedInterfaceOrientations_iPhone = "UIInterfaceOrientationPortrait UIInterfaceOrientationLandscapeLeft UIInterfaceOrientationLandscapeRight";
				LD_RUNPATH_SEARCH_PATHS = (
					"$(inherited)",
					"@executable_path/Frameworks",
				);
				MARKETING_VERSION = 1.0;
				PRODUCT_BUNDLE_IDENTIFIER = com.kr.ssh.DesignCodeiOS15;
				PRODUCT_NAME = "$(TARGET_NAME)";
				SWIFT_EMIT_LOC_STRINGS = YES;
				SWIFT_VERSION = 5.0;
				TARGETED_DEVICE_FAMILY = "1,2";
			};
			name = Release;
		};
/* End XCBuildConfiguration section */

/* Begin XCConfigurationList section */
		528A8288288840F800315AD3 /* Build configuration list for PBXProject "DesignCodeiOS15" */ = {
			isa = XCConfigurationList;
			buildConfigurations = (
				528A8299288840FA00315AD3 /* Debug */,
				528A829A288840FA00315AD3 /* Release */,
			);
			defaultConfigurationIsVisible = 0;
			defaultConfigurationName = Release;
		};
		528A829B288840FA00315AD3 /* Build configuration list for PBXNativeTarget "DesignCodeiOS15" */ = {
			isa = XCConfigurationList;
			buildConfigurations = (
				528A829C288840FA00315AD3 /* Debug */,
				528A829D288840FA00315AD3 /* Release */,
			);
			defaultConfigurationIsVisible = 0;
			defaultConfigurationName = Release;
		};
/* End XCConfigurationList section */
	};
	rootObject = 528A8285288840F800315AD3 /* Project object */;
}
